
Microsoft Visual Studio Solution File, Format Version 12.00
# Visual Studio Version 16
VisualStudioVersion = 16.0.30413.136
MinimumVisualStudioVersion = 10.0.40219.1
Project("{FAE04EC0-301F-11D3-BF4B-00C04F79EFBC}") = "Automation2", "ConsoleApp5\Automation2.csproj", "{1157FE45-9927-4643-8397-7E5B3360B8D9}"
EndProject
Global
	GlobalSection(SolutionConfigurationPlatforms) = preSolution
		Debug|Any CPU = Debug|Any CPU
		Release|Any CPU = Release|Any CPU
	EndGlobalSection
	GlobalSection(ProjectConfigurationPlatforms) = postSolution
		{1157FE45-9927-4643-8397-7E5B3360B8D9}.Debug|Any CPU.ActiveCfg = Debug|Any CPU
		{1157FE45-9927-4643-8397-7E5B3360B8D9}.Debug|Any CPU.Build.0 = Debug|Any CPU
		{1157FE45-9927-4643-8397-7E5B3360B8D9}.Release|Any CPU.ActiveCfg = Release|Any CPU
		{1157FE45-9927-4643-8397-7E5B3360B8D9}.Release|Any CPU.Build.0 = Release|Any CPU
	EndGlobalSection
	GlobalSection(SolutionProperties) = preSolution
		HideSolutionNode = FALSE
	EndGlobalSection
	GlobalSection(ExtensibilityGlobals) = postSolution
		SolutionGuid = {571FDB15-39D3-4762-BD49-DD02402EC588}
	EndGlobalSection
EndGlobal
